
Microsoft Visual Studio Solution File, Format Version 12.00
# Visual Studio Version 16
VisualStudioVersion = 16.0.31321.278
MinimumVisualStudioVersion = 10.0.40219.1
Project("{FAE04EC0-301F-11D3-BF4B-00C04F79EFBC}") = "CadastroFilmes", "CadastroFilmes\CadastroFilmes.csproj", "{0D0EEA84-445C-4D74-A50A-5095FD85AD0C}"
EndProject
Global
	GlobalSection(SolutionConfigurationPlatforms) = preSolution
		Debug|Any CPU = Debug|Any CPU
		Release|Any CPU = Release|Any CPU
	EndGlobalSection
	GlobalSection(ProjectConfigurationPlatforms) = postSolution
		{0D0EEA84-445C-4D74-A50A-5095FD85AD0C}.Debug|Any CPU.ActiveCfg = Debug|Any CPU
		{0D0EEA84-445C-4D74-A50A-5095FD85AD0C}.Debug|Any CPU.Build.0 = Debug|Any CPU
		{0D0EEA84-445C-4D74-A50A-5095FD85AD0C}.Release|Any CPU.ActiveCfg = Release|Any CPU
		{0D0EEA84-445C-4D74-A50A-5095FD85AD0C}.Release|Any CPU.Build.0 = Release|Any CPU
	EndGlobalSection
	GlobalSection(SolutionProperties) = preSolution
		HideSolutionNode = FALSE
	EndGlobalSection
	GlobalSection(ExtensibilityGlobals) = postSolution
		SolutionGuid = {FC03B1A9-5579-4411-984D-49F2D2F57123}
	EndGlobalSection
EndGlobal
